
Microsoft Visual Studio Solution File, Format Version 12.00
# Visual Studio Version 17
VisualStudioVersion = 17.14.36717.8
MinimumVisualStudioVersion = 10.0.40219.1
Project("{FAE04EC0-301F-11D3-BF4B-00C04F79EFBC}") = "Carzvo", "Carzvo\Carzvo.csproj", "{EF3F4DF8-A1AD-4F3C-8505-6C3E3B94DD87}"
EndProject
Global
	GlobalSection(SolutionConfigurationPlatforms) = preSolution
		Debug|Any CPU = Debug|Any CPU
		Release|Any CPU = Release|Any CPU
	EndGlobalSection
	GlobalSection(ProjectConfigurationPlatforms) = postSolution
		{EF3F4DF8-A1AD-4F3C-8505-6C3E3B94DD87}.Debug|Any CPU.ActiveCfg = Debug|Any CPU
		{EF3F4DF8-A1AD-4F3C-8505-6C3E3B94DD87}.Debug|Any CPU.Build.0 = Debug|Any CPU
		{EF3F4DF8-A1AD-4F3C-8505-6C3E3B94DD87}.Release|Any CPU.ActiveCfg = Release|Any CPU
		{EF3F4DF8-A1AD-4F3C-8505-6C3E3B94DD87}.Release|Any CPU.Build.0 = Release|Any CPU
	EndGlobalSection
	GlobalSection(SolutionProperties) = preSolution
		HideSolutionNode = FALSE
	EndGlobalSection
	GlobalSection(ExtensibilityGlobals) = postSolution
		SolutionGuid = {8A981E1A-8C27-4FC9-9793-AD5C6E9458F7}
	EndGlobalSection
EndGlobal
